// !$*UTF8*$!
{
	archiveVersion = 1;
	classes = {
	};
	objectVersion = 50;
	objects = {

/* Begin PBXBuildFile section */
		1492E0C72547B2C80016E6DC /* AppDelegate.swift in Sources */ = {isa = PBXBuildFile; fileRef = 1492E0C62547B2C80016E6DC /* AppDelegate.swift */; };
		1492E0C92547B2C80016E6DC /* SceneDelegate.swift in Sources */ = {isa = PBXBuildFile; fileRef = 1492E0C82547B2C80016E6DC /* SceneDelegate.swift */; };
		1492E0CB2547B2C80016E6DC /* ViewController.swift in Sources */ = {isa = PBXBuildFile; fileRef = 1492E0CA2547B2C80016E6DC /* ViewController.swift */; };
		1492E0CE2547B2C80016E6DC /* Main.storyboard in Resources */ = {isa = PBXBuildFile; fileRef = 1492E0CC2547B2C80016E6DC /* Main.storyboard */; };
		1492E0D02547B2D00016E6DC /* Assets.xcassets in Resources */ = {isa = PBXBuildFile; fileRef = 1492E0CF2547B2D00016E6DC /* Assets.xcassets */; };
		1492E0D32547B2D00016E6DC /* LaunchScreen.storyboard in Resources */ = {isa = PBXBuildFile; fileRef = 1492E0D12547B2D00016E6DC /* LaunchScreen.storyboard */; };
		1492E0DE2547B2D10016E6DC /* ParstagramTests.swift in Sources */ = {isa = PBXBuildFile; fileRef = 1492E0DD2547B2D10016E6DC /* ParstagramTests.swift */; };
		1492E0E92547B2D10016E6DC /* ParstagramUITests.swift in Sources */ = {isa = PBXBuildFile; fileRef = 1492E0E82547B2D10016E6DC /* ParstagramUITests.swift */; };
/* End PBXBuildFile section */

/* Begin PBXContainerItemProxy section */
		1492E0DA2547B2D10016E6DC /* PBXContainerItemProxy */ = {
			isa = PBXContainerItemProxy;
			containerPortal = 1492E0BB2547B2C80016E6DC /* Project object */;
			proxyType = 1;
			remoteGlobalIDString = 1492E0C22547B2C80016E6DC;
			remoteInfo = Parstagram;
		};
		1492E0E52547B2D10016E6DC /* PBXContainerItemProxy */ = {
			isa = PBXContainerItemProxy;
			containerPortal = 1492E0BB2547B2C80016E6DC /* Project object */;
			proxyType = 1;
			remoteGlobalIDString = 1492E0C22547B2C80016E6DC;
			remoteInfo = Parstagram;
		};
/* End PBXContainerItemProxy section */

/* Begin PBXFileReference section */
		1492E0C32547B2C80016E6DC /* Parstagram.app */ = {isa = PBXFileReference; explicitFileType = wrapper.application; includeInIndex = 0; path = Parstagram.app; sourceTree = BUILT_PRODUCTS_DIR; };
		1492E0C62547B2C80016E6DC /* AppDelegate.swift */ = {isa = PBXFileReference; lastKnownFileType = sourcecode.swift; path = AppDelegate.swift; sourceTree = "<group>"; };
		1492E0C82547B2C80016E6DC /* SceneDelegate.swift */ = {isa = PBXFileReference; lastKnownFileType = sourcecode.swift; path = SceneDelegate.swift; sourceTree = "<group>"; };
		1492E0CA2547B2C80016E6DC /* ViewController.swift */ = {isa = PBXFileReference; lastKnownFileType = sourcecode.swift; path = ViewController.swift; sourceTree = "<group>"; };
		1492E0CD2547B2C80016E6DC /* Base */ = {isa = PBXFileReference; lastKnownFileType = file.storyboard; name = Base; path = Base.lproj/Main.storyboard; sourceTree = "<group>"; };
		1492E0CF2547B2D00016E6DC /* Assets.xcassets */ = {isa = PBXFileReference; lastKnownFileType = folder.assetcatalog; path = Assets.xcassets; sourceTree = "<group>"; };
		1492E0D22547B2D00016E6DC /* Base */ = {isa = PBXFileReference; lastKnownFileType = file.storyboard; name = Base; path = Base.lproj/LaunchScreen.storyboard; sourceTree = "<group>"; };
		1492E0D42547B2D00016E6DC /* Info.plist */ = {isa = PBXFileReference; lastKnownFileType = text.plist.xml; path = Info.plist; sourceTree = "<group>"; };
		1492E0D92547B2D10016E6DC /* ParstagramTests.xctest */ = {isa = PBXFileReference; explicitFileType = wrapper.cfbundle; includeInIndex = 0; path = ParstagramTests.xctest; sourceTree = BUILT_PRODUCTS_DIR; };
		1492E0DD2547B2D10016E6DC /* ParstagramTests.swift */ = {isa = PBXFileReference; lastKnownFileType = sourcecode.swift; path = ParstagramTests.swift; sourceTree = "<group>"; };
		1492E0DF2547B2D10016E6DC /* Info.plist */ = {isa = PBXFileReference; lastKnownFileType = text.plist.xml; path = Info.plist; sourceTree = "<group>"; };
		1492E0E42547B2D10016E6DC /* ParstagramUITests.xctest */ = {isa = PBXFileReference; explicitFileType = wrapper.cfbundle; includeInIndex = 0; path = ParstagramUITests.xctest; sourceTree = BUILT_PRODUCTS_DIR; };
		1492E0E82547B2D10016E6DC /* ParstagramUITests.swift */ = {isa = PBXFileReference; lastKnownFileType = sourcecode.swift; path = ParstagramUITests.swift; sourceTree = "<group>"; };
		1492E0EA2547B2D10016E6DC /* Info.plist */ = {isa = PBXFileReference; lastKnownFileType = text.plist.xml; path = Info.plist; sourceTree = "<group>"; };
/* End PBXFileReference section */

/* Begin PBXFrameworksBuildPhase section */
		1492E0C02547B2C80016E6DC /* Frameworks */ = {
			isa = PBXFrameworksBuildPhase;
			buildActionMask = 2147483647;
			files = (
			);
			runOnlyForDeploymentPostprocessing = 0;
		};
		1492E0D62547B2D10016E6DC /* Frameworks */ = {
			isa = PBXFrameworksBuildPhase;
			buildActionMask = 2147483647;
			files = (
			);
			runOnlyForDeploymentPostprocessing = 0;
		};
		1492E0E12547B2D10016E6DC /* Frameworks */ = {
			isa = PBXFrameworksBuildPhase;
			buildActionMask = 2147483647;
			files = (
			);
			runOnlyForDeploymentPostprocessing = 0;
		};
/* End PBXFrameworksBuildPhase section */

/* Begin PBXGroup section */
		1492E0BA2547B2C80016E6DC = {
			isa = PBXGroup;
			children = (
				1492E0C52547B2C80016E6DC /* Parstagram */,
				1492E0DC2547B2D10016E6DC /* ParstagramTests */,
				1492E0E72547B2D10016E6DC /* ParstagramUITests */,
				1492E0C42547B2C80016E6DC /* Products */,
			);
			sourceTree = "<group>";
		};
		1492E0C42547B2C80016E6DC /* Products */ = {
			isa = PBXGroup;
			children = (
				1492E0C32547B2C80016E6DC /* Parstagram.app */,
				1492E0D92547B2D10016E6DC /* ParstagramTests.xctest */,
				1492E0E42547B2D10016E6DC /* ParstagramUITests.xctest */,
			);
			name = Products;
			sourceTree = "<group>";
		};
		1492E0C52547B2C80016E6DC /* Parstagram */ = {
			isa = PBXGroup;
			children = (
				1492E0C62547B2C80016E6DC /* AppDelegate.swift */,
				1492E0C82547B2C80016E6DC /* SceneDelegate.swift */,
				1492E0CA2547B2C80016E6DC /* ViewController.swift */,
				1492E0CC2547B2C80016E6DC /* Main.storyboard */,
				1492E0CF2547B2D00016E6DC /* Assets.xcassets */,
				1492E0D12547B2D00016E6DC /* LaunchScreen.storyboard */,
				1492E0D42547B2D00016E6DC /* Info.plist */,
			);
			path = Parstagram;
			sourceTree = "<group>";
		};
		1492E0DC2547B2D10016E6DC /* ParstagramTests */ = {
			isa = PBXGroup;
			children = (
				1492E0DD2547B2D10016E6DC /* ParstagramTests.swift */,
				1492E0DF2547B2D10016E6DC /* Info.plist */,
			);
			path = ParstagramTests;
			sourceTree = "<group>";
		};
		1492E0E72547B2D10016E6DC /* ParstagramUITests */ = {
			isa = PBXGroup;
			children = (
				1492E0E82547B2D10016E6DC /* ParstagramUITests.swift */,
				1492E0EA2547B2D10016E6DC /* Info.plist */,
			);
			path = ParstagramUITests;
			sourceTree = "<group>";
		};
/* End PBXGroup section */

/* Begin PBXNativeTarget section */
		1492E0C22547B2C80016E6DC /* Parstagram */ = {
			isa = PBXNativeTarget;
			buildConfigurationList = 1492E0ED2547B2D10016E6DC /* Build configuration list for PBXNativeTarget "Parstagram" */;
			buildPhases = (
				1492E0BF2547B2C80016E6DC /* Sources */,
				1492E0C02547B2C80016E6DC /* Frameworks */,
				1492E0C12547B2C80016E6DC /* Resources */,
			);
			buildRules = (
			);
			dependencies = (
			);
			name = Parstagram;
			productName = Parstagram;
			productReference = 1492E0C32547B2C80016E6DC /* Parstagram.app */;
			productType = "com.apple.product-type.application";
		};
		1492E0D82547B2D10016E6DC /* ParstagramTests */ = {
			isa = PBXNativeTarget;
			buildConfigurationList = 1492E0F02547B2D10016E6DC /* Build configuration list for PBXNativeTarget "ParstagramTests" */;
			buildPhases = (
				1492E0D52547B2D10016E6DC /* Sources */,
				1492E0D62547B2D10016E6DC /* Frameworks */,
				1492E0D72547B2D10016E6DC /* Resources */,
			);
			buildRules = (
			);
			dependencies = (
				1492E0DB2547B2D10016E6DC /* PBXTargetDependency */,
			);
			name = ParstagramTests;
			productName = ParstagramTests;
			productReference = 1492E0D92547B2D10016E6DC /* ParstagramTests.xctest */;
			productType = "com.apple.product-type.bundle.unit-test";
		};
		1492E0E32547B2D10016E6DC /* ParstagramUITests */ = {
			isa = PBXNativeTarget;
			buildConfigurationList = 1492E0F32547B2D10016E6DC /* Build configuration list for PBXNativeTarget "ParstagramUITests" */;
			buildPhases = (
				1492E0E02547B2D10016E6DC /* Sources */,
				1492E0E12547B2D10016E6DC /* Frameworks */,
				1492E0E22547B2D10016E6DC /* Resources */,
			);
			buildRules = (
			);
			dependencies = (
				1492E0E62547B2D10016E6DC /* PBXTargetDependency */,
			);
			name = ParstagramUITests;
			productName = ParstagramUITests;
			productReference = 1492E0E42547B2D10016E6DC /* ParstagramUITests.xctest */;
			productType = "com.apple.product-type.bundle.ui-testing";
		};
/* End PBXNativeTarget section */

/* Begin PBXProject section */
		1492E0BB2547B2C80016E6DC /* Project object */ = {
			isa = PBXProject;
			attributes = {
				LastSwiftUpdateCheck = 1170;
				LastUpgradeCheck = 1170;
				ORGANIZATIONNAME = kevinjzheng;
				TargetAttributes = {
					1492E0C22547B2C80016E6DC = {
						CreatedOnToolsVersion = 11.7;
					};
					1492E0D82547B2D10016E6DC = {
						CreatedOnToolsVersion = 11.7;
						TestTargetID = 1492E0C22547B2C80016E6DC;
					};
					1492E0E32547B2D10016E6DC = {
						CreatedOnToolsVersion = 11.7;
						TestTargetID = 1492E0C22547B2C80016E6DC;
					};
				};
			};
			buildConfigurationList = 1492E0BE2547B2C80016E6DC /* Build configuration list for PBXProject "Parstagram" */;
			compatibilityVersion = "Xcode 9.3";
			developmentRegion = en;
			hasScannedForEncodings = 0;
			knownRegions = (
				en,
				Base,
			);
			mainGroup = 1492E0BA2547B2C80016E6DC;
			productRefGroup = 1492E0C42547B2C80016E6DC /* Products */;
			projectDirPath = "";
			projectRoot = "";
			targets = (
				1492E0C22547B2C80016E6DC /* Parstagram */,
				1492E0D82547B2D10016E6DC /* ParstagramTests */,
				1492E0E32547B2D10016E6DC /* ParstagramUITests */,
			);
		};
/* End PBXProject section */

/* Begin PBXResourcesBuildPhase section */
		1492E0C12547B2C80016E6DC /* Resources */ = {
			isa = PBXResourcesBuildPhase;
			buildActionMask = 2147483647;
			files = (
				1492E0D32547B2D00016E6DC /* LaunchScreen.storyboard in Resources */,
				1492E0D02547B2D00016E6DC /* Assets.xcassets in Resources */,
				1492E0CE2547B2C80016E6DC /* Main.storyboard in Resources */,
			);
			runOnlyForDeploymentPostprocessing = 0;
		};
		1492E0D72547B2D10016E6DC /* Resources */ = {
			isa = PBXResourcesBuildPhase;
			buildActionMask = 2147483647;
			files = (
			);
			runOnlyForDeploymentPostprocessing = 0;
		};
		1492E0E22547B2D10016E6DC /* Resources */ = {
			isa = PBXResourcesBuildPhase;
			buildActionMask = 2147483647;
			files = (
			);
			runOnlyForDeploymentPostprocessing = 0;
		};
/* End PBXResourcesBuildPhase section */

/* Begin PBXSourcesBuildPhase section */
		1492E0BF2547B2C80016E6DC /* Sources */ = {
			isa = PBXSourcesBuildPhase;
			buildActionMask = 2147483647;
			files = (
				1492E0CB2547B2C80016E6DC /* ViewController.swift in Sources */,
				1492E0C72547B2C80016E6DC /* AppDelegate.swift in Sources */,
				1492E0C92547B2C80016E6DC /* SceneDelegate.swift in Sources */,
			);
			runOnlyForDeploymentPostprocessing = 0;
		};
		1492E0D52547B2D10016E6DC /* Sources */ = {
			isa = PBXSourcesBuildPhase;
			buildActionMask = 2147483647;
			files = (
				1492E0DE2547B2D10016E6DC /* ParstagramTests.swift in Sources */,
			);
			runOnlyForDeploymentPostprocessing = 0;
		};
		1492E0E02547B2D10016E6DC /* Sources */ = {
			isa = PBXSourcesBuildPhase;
			buildActionMask = 2147483647;
			files = (
				1492E0E92547B2D10016E6DC /* ParstagramUITests.swift in Sources */,
			);
			runOnlyForDeploymentPostprocessing = 0;
		};
/* End PBXSourcesBuildPhase section */

/* Begin PBXTargetDependency section */
		1492E0DB2547B2D10016E6DC /* PBXTargetDependency */ = {
			isa = PBXTargetDependency;
			target = 1492E0C22547B2C80016E6DC /* Parstagram */;
			targetProxy = 1492E0DA2547B2D10016E6DC /* PBXContainerItemProxy */;
		};
		1492E0E62547B2D10016E6DC /* PBXTargetDependency */ = {
			isa = PBXTargetDependency;
			target = 1492E0C22547B2C80016E6DC /* Parstagram */;
			targetProxy = 1492E0E52547B2D10016E6DC /* PBXContainerItemProxy */;
		};
/* End PBXTargetDependency section */

/* Begin PBXVariantGroup section */
		1492E0CC2547B2C80016E6DC /* Main.storyboard */ = {
			isa = PBXVariantGroup;
			children = (
				1492E0CD2547B2C80016E6DC /* Base */,
			);
			name = Main.storyboard;
			sourceTree = "<group>";
		};
		1492E0D12547B2D00016E6DC /* LaunchScreen.storyboard */ = {
			isa = PBXVariantGroup;
			children = (
				1492E0D22547B2D00016E6DC /* Base */,
			);
			name = LaunchScreen.storyboard;
			sourceTree = "<group>";
		};
/* End PBXVariantGroup section */

/* Begin XCBuildConfiguration section */
		1492E0EB2547B2D10016E6DC /* Debug */ = {
			isa = XCBuildConfiguration;
			buildSettings = {
				ALWAYS_SEARCH_USER_PATHS = NO;
				CLANG_ANALYZER_NONNULL = YES;
				CLANG_ANALYZER_NUMBER_OBJECT_CONVERSION = YES_AGGRESSIVE;
				CLANG_CXX_LANGUAGE_STANDARD = "gnu++14";
				CLANG_CXX_LIBRARY = "libc++";
				CLANG_ENABLE_MODULES = YES;
				CLANG_ENABLE_OBJC_ARC = YES;
				CLANG_ENABLE_OBJC_WEAK = YES;
				CLANG_WARN_BLOCK_CAPTURE_AUTORELEASING = YES;
				CLANG_WARN_BOOL_CONVERSION = YES;
				CLANG_WARN_COMMA = YES;
				CLANG_WARN_CONSTANT_CONVERSION = YES;
				CLANG_WARN_DEPRECATED_OBJC_IMPLEMENTATIONS = YES;
				CLANG_WARN_DIRECT_OBJC_ISA_USAGE = YES_ERROR;
				CLANG_WARN_DOCUMENTATION_COMMENTS = YES;
				CLANG_WARN_EMPTY_BODY = YES;
				CLANG_WARN_ENUM_CONVERSION = YES;
				CLANG_WARN_INFINITE_RECURSION = YES;
				CLANG_WARN_INT_CONVERSION = YES;
				CLANG_WARN_NON_LITERAL_NULL_CONVERSION = YES;
				CLANG_WARN_OBJC_IMPLICIT_RETAIN_SELF = YES;
				CLANG_WARN_OBJC_LITERAL_CONVERSION = YES;
				CLANG_WARN_OBJC_ROOT_CLASS = YES_ERROR;
				CLANG_WARN_RANGE_LOOP_ANALYSIS = YES;
				CLANG_WARN_STRICT_PROTOTYPES = YES;
				CLANG_WARN_SUSPICIOUS_MOVE = YES;
				CLANG_WARN_UNGUARDED_AVAILABILITY = YES_AGGRESSIVE;
				CLANG_WARN_UNREACHABLE_CODE = YES;
				CLANG_WARN__DUPLICATE_METHOD_MATCH = YES;
				COPY_PHASE_STRIP = NO;
				DEBUG_INFORMATION_FORMAT = dwarf;
				ENABLE_STRICT_OBJC_MSGSEND = YES;
				ENABLE_TESTABILITY = YES;
				GCC_C_LANGUAGE_STANDARD = gnu11;
				GCC_DYNAMIC_NO_PIC = NO;
				GCC_NO_COMMON_BLOCKS = YES;
				GCC_OPTIMIZATION_LEVEL = 0;
				GCC_PREPROCESSOR_DEFINITIONS = (
					"DEBUG=1",
					"$(inherited)",
				);
				GCC_WARN_64_TO_32_BIT_CONVERSION = YES;
				GCC_WARN_ABOUT_RETURN_TYPE = YES_ERROR;
				GCC_WARN_UNDECLARED_SELECTOR = YES;
				GCC_WARN_UNINITIALIZED_AUTOS = YES_AGGRESSIVE;
				GCC_WARN_UNUSED_FUNCTION = YES;
				GCC_WARN_UNUSED_VARIABLE = YES;
				IPHONEOS_DEPLOYMENT_TARGET = 13.7;
				MTL_ENABLE_DEBUG_INFO = INCLUDE_SOURCE;
				MTL_FAST_MATH = YES;
				ONLY_ACTIVE_ARCH = YES;
				SDKROOT = iphoneos;
				SWIFT_ACTIVE_COMPILATION_CONDITIONS = DEBUG;
				SWIFT_OPTIMIZATION_LEVEL = "-Onone";
			};
			name = Debug;
		};
		1492E0EC2547B2D10016E6DC /* Release */ = {
			isa = XCBuildConfiguration;
			buildSettings = {
				ALWAYS_SEARCH_USER_PATHS = NO;
				CLANG_ANALYZER_NONNULL = YES;
				CLANG_ANALYZER_NUMBER_OBJECT_CONVERSION = YES_AGGRESSIVE;
				CLANG_CXX_LANGUAGE_STANDARD = "gnu++14";
				CLANG_CXX_LIBRARY = "libc++";
				CLANG_ENABLE_MODULES = YES;
				CLANG_ENABLE_OBJC_ARC = YES;
				CLANG_ENABLE_OBJC_WEAK = YES;
				CLANG_WARN_BLOCK_CAPTURE_AUTORELEASING = YES;
				CLANG_WARN_BOOL_CONVERSION = YES;
				CLANG_WARN_COMMA = YES;
				CLANG_WARN_CONSTANT_CONVERSION = YES;
				CLANG_WARN_DEPRECATED_OBJC_IMPLEMENTATIONS = YES;
				CLANG_WARN_DIRECT_OBJC_ISA_USAGE = YES_ERROR;
				CLANG_WARN_DOCUMENTATION_COMMENTS = YES;
				CLANG_WARN_EMPTY_BODY = YES;
				CLANG_WARN_ENUM_CONVERSION = YES;
				CLANG_WARN_INFINITE_RECURSION = YES;
				CLANG_WARN_INT_CONVERSION = YES;
				CLANG_WARN_NON_LITERAL_NULL_CONVERSION = YES;
				CLANG_WARN_OBJC_IMPLICIT_RETAIN_SELF = YES;
				CLANG_WARN_OBJC_LITERAL_CONVERSION = YES;
				CLANG_WARN_OBJC_ROOT_CLASS = YES_ERROR;
				CLANG_WARN_RANGE_LOOP_ANALYSIS = YES;
				CLANG_WARN_STRICT_PROTOTYPES = YES;
				CLANG_WARN_SUSPICIOUS_MOVE = YES;
				CLANG_WARN_UNGUARDED_AVAILABILITY = YES_AGGRESSIVE;
				CLANG_WARN_UNREACHABLE_CODE = YES;
				CLANG_WARN__DUPLICATE_METHOD_MATCH = YES;
				COPY_PHASE_STRIP = NO;
				DEBUG_INFORMATION_FORMAT = "dwarf-with-dsym";
				ENABLE_NS_ASSERTIONS = NO;
				ENABLE_STRICT_OBJC_MSGSEND = YES;
				GCC_C_LANGUAGE_STANDARD = gnu11;
				GCC_NO_COMMON_BLOCKS = YES;
				GCC_WARN_64_TO_32_BIT_CONVERSION = YES;
				GCC_WARN_ABOUT_RETURN_TYPE = YES_ERROR;
				GCC_WARN_UNDECLARED_SELECTOR = YES;
				GCC_WARN_UNINITIALIZED_AUTOS = YES_AGGRESSIVE;
				GCC_WARN_UNUSED_FUNCTION = YES;
				GCC_WARN_UNUSED_VARIABLE = YES;
				IPHONEOS_DEPLOYMENT_TARGET = 13.7;
				MTL_ENABLE_DEBUG_INFO = NO;
				MTL_FAST_MATH = YES;
				SDKROOT = iphoneos;
				SWIFT_COMPILATION_MODE = wholemodule;
				SWIFT_OPTIMIZATION_LEVEL = "-O";
				VALIDATE_PRODUCT = YES;
			};
			name = Release;
		};
		1492E0EE2547B2D10016E6DC /* Debug */ = {
			isa = XCBuildConfiguration;
			buildSettings = {
				ASSETCATALOG_COMPILER_APPICON_NAME = AppIcon;
				CODE_SIGN_STYLE = Automatic;
				INFOPLIST_FILE = Parstagram/Info.plist;
				LD_RUNPATH_SEARCH_PATHS = (
					"$(inherited)",
					"@executable_path/Frameworks",
				);
				PRODUCT_BUNDLE_IDENTIFIER = Codepath.Parstagram;
				PRODUCT_NAME = "$(TARGET_NAME)";
				SWIFT_VERSION = 5.0;
				TARGETED_DEVICE_FAMILY = "1,2";
			};
			name = Debug;
		};
		1492E0EF2547B2D10016E6DC /* Release */ = {
			isa = XCBuildConfiguration;
			buildSettings = {
				ASSETCATALOG_COMPILER_APPICON_NAME = AppIcon;
				CODE_SIGN_STYLE = Automatic;
				INFOPLIST_FILE = Parstagram/Info.plist;
				LD_RUNPATH_SEARCH_PATHS = (
					"$(inherited)",
					"@executable_path/Frameworks",
				);
				PRODUCT_BUNDLE_IDENTIFIER = Codepath.Parstagram;
				PRODUCT_NAME = "$(TARGET_NAME)";
				SWIFT_VERSION = 5.0;
				TARGETED_DEVICE_FAMILY = "1,2";
			};
			name = Release;
		};
		1492E0F12547B2D10016E6DC /* Debug */ = {
			isa = XCBuildConfiguration;
			buildSettings = {
				ALWAYS_EMBED_SWIFT_STANDARD_LIBRARIES = YES;
				BUNDLE_LOADER = "$(TEST_HOST)";
				CODE_SIGN_STYLE = Automatic;
				INFOPLIST_FILE = ParstagramTests/Info.plist;
				IPHONEOS_DEPLOYMENT_TARGET = 13.7;
				LD_RUNPATH_SEARCH_PATHS = (
					"$(inherited)",
					"@executable_path/Frameworks",
					"@loader_path/Frameworks",
				);
				PRODUCT_BUNDLE_IDENTIFIER = Codepath.ParstagramTests;
				PRODUCT_NAME = "$(TARGET_NAME)";
				SWIFT_VERSION = 5.0;
				TARGETED_DEVICE_FAMILY = "1,2";
				TEST_HOST = "$(BUILT_PRODUCTS_DIR)/Parstagram.app/Parstagram";
			};
			name = Debug;
		};
		1492E0F22547B2D10016E6DC /* Release */ = {
			isa = XCBuildConfiguration;
			buildSettings = {
				ALWAYS_EMBED_SWIFT_STANDARD_LIBRARIES = YES;
				BUNDLE_LOADER = "$(TEST_HOST)";
				CODE_SIGN_STYLE = Automatic;
				INFOPLIST_FILE = ParstagramTests/Info.plist;
				IPHONEOS_DEPLOYMENT_TARGET = 13.7;
				LD_RUNPATH_SEARCH_PATHS = (
					"$(inherited)",
					"@executable_path/Frameworks",
					"@loader_path/Frameworks",
				);
				PRODUCT_BUNDLE_IDENTIFIER = Codepath.ParstagramTests;
				PRODUCT_NAME = "$(TARGET_NAME)";
				SWIFT_VERSION = 5.0;
				TARGETED_DEVICE_FAMILY = "1,2";
				TEST_HOST = "$(BUILT_PRODUCTS_DIR)/Parstagram.app/Parstagram";
			};
			name = Release;
		};
		1492E0F42547B2D10016E6DC /* Debug */ = {
			isa = XCBuildConfiguration;
			buildSettings = {
				ALWAYS_EMBED_SWIFT_STANDARD_LIBRARIES = YES;
				CODE_SIGN_STYLE = Automatic;
				INFOPLIST_FILE = ParstagramUITests/Info.plist;
				LD_RUNPATH_SEARCH_PATHS = (
					"$(inherited)",
					"@executable_path/Frameworks",
					"@loader_path/Frameworks",
				);
				PRODUCT_BUNDLE_IDENTIFIER = Codepath.ParstagramUITests;
				PRODUCT_NAME = "$(TARGET_NAME)";
				SWIFT_VERSION = 5.0;
				TARGETED_DEVICE_FAMILY = "1,2";
				TEST_TARGET_NAME = Parstagram;
			};
			name = Debug;
		};
		1492E0F52547B2D10016E6DC /* Release */ = {
			isa = XCBuildConfiguration;
			buildSettings = {
				ALWAYS_EMBED_SWIFT_STANDARD_LIBRARIES = YES;
				CODE_SIGN_STYLE = Automatic;
				INFOPLIST_FILE = ParstagramUITests/Info.plist;
				LD_RUNPATH_SEARCH_PATHS = (
					"$(inherited)",
					"@executable_path/Frameworks",
					"@loader_path/Frameworks",
				);
				PRODUCT_BUNDLE_IDENTIFIER = Codepath.ParstagramUITests;
				PRODUCT_NAME = "$(TARGET_NAME)";
				SWIFT_VERSION = 5.0;
				TARGETED_DEVICE_FAMILY = "1,2";
				TEST_TARGET_NAME = Parstagram;
			};
			name = Release;
		};
/* End XCBuildConfiguration section */

/* Begin XCConfigurationList section */
		1492E0BE2547B2C80016E6DC /* Build configuration list for PBXProject "Parstagram" */ = {
			isa = XCConfigurationList;
			buildConfigurations = (
				1492E0EB2547B2D10016E6DC /* Debug */,
				1492E0EC2547B2D10016E6DC /* Release */,
			);
			defaultConfigurationIsVisible = 0;
			defaultConfigurationName = Release;
		};
		1492E0ED2547B2D10016E6DC /* Build configuration list for PBXNativeTarget "Parstagram" */ = {
			isa = XCConfigurationList;
			buildConfigurations = (
				1492E0EE2547B2D10016E6DC /* Debug */,
				1492E0EF2547B2D10016E6DC /* Release */,
			);
			defaultConfigurationIsVisible = 0;
			defaultConfigurationName = Release;
		};
		1492E0F02547B2D10016E6DC /* Build configuration list for PBXNativeTarget "ParstagramTests" */ = {
			isa = XCConfigurationList;
			buildConfigurations = (
				1492E0F12547B2D10016E6DC /* Debug */,
				1492E0F22547B2D10016E6DC /* Release */,
			);
			defaultConfigurationIsVisible = 0;
			defaultConfigurationName = Release;
		};
		1492E0F32547B2D10016E6DC /* Build configuration list for PBXNativeTarget "ParstagramUITests" */ = {
			isa = XCConfigurationList;
			buildConfigurations = (
				1492E0F42547B2D10016E6DC /* Debug */,
				1492E0F52547B2D10016E6DC /* Release */,
			);
			defaultConfigurationIsVisible = 0;
			defaultConfigurationName = Release;
		};
/* End XCConfigurationList section */
	};
	rootObject = 1492E0BB2547B2C80016E6DC /* Project object */;
}
